
Microsoft Visual Studio Solution File, Format Version 12.00
# Visual Studio Version 17
VisualStudioVersion = 17.3.32922.545
MinimumVisualStudioVersion = 10.0.40219.1
Project("{FAE04EC0-301F-11D3-BF4B-00C04F79EFBC}") = "TezProje", "TezProje\TezProje.csproj", "{F570C1D0-3EC9-40E3-B90F-AEB13FACE33D}"
EndProject
Global
	GlobalSection(SolutionConfigurationPlatforms) = preSolution
		Debug|Any CPU = Debug|Any CPU
		Release|Any CPU = Release|Any CPU
	EndGlobalSection
	GlobalSection(ProjectConfigurationPlatforms) = postSolution
		{F570C1D0-3EC9-40E3-B90F-AEB13FACE33D}.Debug|Any CPU.ActiveCfg = Debug|Any CPU
		{F570C1D0-3EC9-40E3-B90F-AEB13FACE33D}.Debug|Any CPU.Build.0 = Debug|Any CPU
		{F570C1D0-3EC9-40E3-B90F-AEB13FACE33D}.Release|Any CPU.ActiveCfg = Release|Any CPU
		{F570C1D0-3EC9-40E3-B90F-AEB13FACE33D}.Release|Any CPU.Build.0 = Release|Any CPU
	EndGlobalSection
	GlobalSection(SolutionProperties) = preSolution
		HideSolutionNode = FALSE
	EndGlobalSection
	GlobalSection(ExtensibilityGlobals) = postSolution
		SolutionGuid = {6745CB1F-E6CC-4798-AE09-F9BFCD32FDFD}
	EndGlobalSection
EndGlobal
